
Microsoft Visual Studio Solution File, Format Version 12.00
# Visual Studio 15
VisualStudioVersion = 15.0.28010.2016
MinimumVisualStudioVersion = 10.0.40219.1
Project("{2150E333-8FDC-42A3-9474-1A3956D46DE8}") = "src", "src", "{33BDF6F3-8AC0-419B-A98A-A17326574A73}"
EndProject
Project("{2150E333-8FDC-42A3-9474-1A3956D46DE8}") = "test", "test", "{3AF7BFE4-D232-4584-B406-1932935B151B}"
EndProject
Project("{2150E333-8FDC-42A3-9474-1A3956D46DE8}") = "Services", "Services", "{90722875-4B10-462C-B36A-8F1F80C45361}"
EndProject
Project("{2150E333-8FDC-42A3-9474-1A3956D46DE8}") = "Web", "Web", "{DA16C52D-AE0B-41F4-83AC-33057562333A}"
EndProject
Project("{2150E333-8FDC-42A3-9474-1A3956D46DE8}") = "Identity", "Identity", "{1271AFEC-EC4E-4945-AAF9-A2F994C35B96}"
EndProject
Project("{2150E333-8FDC-42A3-9474-1A3956D46DE8}") = "ApiGateways", "ApiGateways", "{9A884E81-F2FB-4FFE-9C75-0C6BA5858483}"
EndProject
Project("{2150E333-8FDC-42A3-9474-1A3956D46DE8}") = "Account", "Account", "{3D952AA0-BEFA-4C18-BAF4-56C6A428F682}"
EndProject
Project("{9A19103F-16F7-4668-BE54-9A1E7A4F7556}") = "Nova.Web.WebApp", "Nova.Web.WebApp\Nova.Web.WebApp.csproj", "{A736B703-1B82-4C52-8BB1-83BC2552FE78}"
EndProject
Project("{9A19103F-16F7-4668-BE54-9A1E7A4F7556}") = "Nova.Services.Ids4", "Nova.Services.Ids4\Nova.Services.Ids4.csproj", "{12EA3142-C47E-46A3-A636-B4CA4C5979C5}"
EndProject
Project("{9A19103F-16F7-4668-BE54-9A1E7A4F7556}") = "Nova.Services.Account.Register", "Nova.Services.Account.Register\Nova.Services.Account.Register.csproj", "{1CBE13D0-083C-4241-BF59-01FD81525A87}"
EndProject
Project("{9A19103F-16F7-4668-BE54-9A1E7A4F7556}") = "Nova.Services.Account.Login", "Nova.Services.Account.Login\Nova.Services.Account.Login.csproj", "{305BB674-330D-4665-9433-75CE3E4C760A}"
EndProject
Project("{9A19103F-16F7-4668-BE54-9A1E7A4F7556}") = "Nova.ApiGateways.Ocelot", "Nova.ApiGateways.Ocelot\Nova.ApiGateways.Ocelot.csproj", "{2A3DD7B7-8D3F-42E5-A0B6-320A4E0049DA}"
EndProject
Project("{E53339B2-1760-4266-BCC7-CA923CBCF16C}") = "docker-compose", "docker-compose.dcproj", "{4D7043B7-BB42-41A3-9EC9-83CEF3F25F09}"
EndProject
Global
	GlobalSection(SolutionConfigurationPlatforms) = preSolution
		Debug|Any CPU = Debug|Any CPU
		Release|Any CPU = Release|Any CPU
	EndGlobalSection
	GlobalSection(ProjectConfigurationPlatforms) = postSolution
		{A736B703-1B82-4C52-8BB1-83BC2552FE78}.Debug|Any CPU.ActiveCfg = Debug|Any CPU
		{A736B703-1B82-4C52-8BB1-83BC2552FE78}.Debug|Any CPU.Build.0 = Debug|Any CPU
		{A736B703-1B82-4C52-8BB1-83BC2552FE78}.Release|Any CPU.ActiveCfg = Release|Any CPU
		{A736B703-1B82-4C52-8BB1-83BC2552FE78}.Release|Any CPU.Build.0 = Release|Any CPU
		{12EA3142-C47E-46A3-A636-B4CA4C5979C5}.Debug|Any CPU.ActiveCfg = Debug|Any CPU
		{12EA3142-C47E-46A3-A636-B4CA4C5979C5}.Debug|Any CPU.Build.0 = Debug|Any CPU
		{12EA3142-C47E-46A3-A636-B4CA4C5979C5}.Release|Any CPU.ActiveCfg = Release|Any CPU
		{12EA3142-C47E-46A3-A636-B4CA4C5979C5}.Release|Any CPU.Build.0 = Release|Any CPU
		{1CBE13D0-083C-4241-BF59-01FD81525A87}.Debug|Any CPU.ActiveCfg = Debug|Any CPU
		{1CBE13D0-083C-4241-BF59-01FD81525A87}.Debug|Any CPU.Build.0 = Debug|Any CPU
		{1CBE13D0-083C-4241-BF59-01FD81525A87}.Release|Any CPU.ActiveCfg = Release|Any CPU
		{1CBE13D0-083C-4241-BF59-01FD81525A87}.Release|Any CPU.Build.0 = Release|Any CPU
		{305BB674-330D-4665-9433-75CE3E4C760A}.Debug|Any CPU.ActiveCfg = Debug|Any CPU
		{305BB674-330D-4665-9433-75CE3E4C760A}.Debug|Any CPU.Build.0 = Debug|Any CPU
		{305BB674-330D-4665-9433-75CE3E4C760A}.Release|Any CPU.ActiveCfg = Release|Any CPU
		{305BB674-330D-4665-9433-75CE3E4C760A}.Release|Any CPU.Build.0 = Release|Any CPU
		{2A3DD7B7-8D3F-42E5-A0B6-320A4E0049DA}.Debug|Any CPU.ActiveCfg = Debug|Any CPU
		{2A3DD7B7-8D3F-42E5-A0B6-320A4E0049DA}.Debug|Any CPU.Build.0 = Debug|Any CPU
		{2A3DD7B7-8D3F-42E5-A0B6-320A4E0049DA}.Release|Any CPU.ActiveCfg = Release|Any CPU
		{2A3DD7B7-8D3F-42E5-A0B6-320A4E0049DA}.Release|Any CPU.Build.0 = Release|Any CPU
		{4D7043B7-BB42-41A3-9EC9-83CEF3F25F09}.Debug|Any CPU.ActiveCfg = Debug|Any CPU
		{4D7043B7-BB42-41A3-9EC9-83CEF3F25F09}.Debug|Any CPU.Build.0 = Debug|Any CPU
		{4D7043B7-BB42-41A3-9EC9-83CEF3F25F09}.Release|Any CPU.ActiveCfg = Release|Any CPU
		{4D7043B7-BB42-41A3-9EC9-83CEF3F25F09}.Release|Any CPU.Build.0 = Release|Any CPU
	EndGlobalSection
	GlobalSection(SolutionProperties) = preSolution
		HideSolutionNode = FALSE
	EndGlobalSection
	GlobalSection(NestedProjects) = preSolution
		{90722875-4B10-462C-B36A-8F1F80C45361} = {33BDF6F3-8AC0-419B-A98A-A17326574A73}
		{DA16C52D-AE0B-41F4-83AC-33057562333A} = {33BDF6F3-8AC0-419B-A98A-A17326574A73}
		{1271AFEC-EC4E-4945-AAF9-A2F994C35B96} = {90722875-4B10-462C-B36A-8F1F80C45361}
		{9A884E81-F2FB-4FFE-9C75-0C6BA5858483} = {33BDF6F3-8AC0-419B-A98A-A17326574A73}
		{3D952AA0-BEFA-4C18-BAF4-56C6A428F682} = {1271AFEC-EC4E-4945-AAF9-A2F994C35B96}
		{A736B703-1B82-4C52-8BB1-83BC2552FE78} = {DA16C52D-AE0B-41F4-83AC-33057562333A}
		{12EA3142-C47E-46A3-A636-B4CA4C5979C5} = {1271AFEC-EC4E-4945-AAF9-A2F994C35B96}
		{1CBE13D0-083C-4241-BF59-01FD81525A87} = {3D952AA0-BEFA-4C18-BAF4-56C6A428F682}
		{305BB674-330D-4665-9433-75CE3E4C760A} = {3D952AA0-BEFA-4C18-BAF4-56C6A428F682}
		{2A3DD7B7-8D3F-42E5-A0B6-320A4E0049DA} = {9A884E81-F2FB-4FFE-9C75-0C6BA5858483}
	EndGlobalSection
	GlobalSection(ExtensibilityGlobals) = postSolution
		SolutionGuid = {678D8B79-7CB1-4C4E-A24E-0224832ECA95}
	EndGlobalSection
EndGlobal
